// !$*UTF8*$!
{
	archiveVersion = 1;
	classes = {
	};
	objectVersion = 50;
	objects = {

/* Begin PBXBuildFile section */
		3DC456B122C5347F009282EB /* AppDelegate.m in Sources */ = {isa = PBXBuildFile; fileRef = 3DC456B022C5347F009282EB /* AppDelegate.m */; };
		3DC456B422C5347F009282EB /* ViewController.m in Sources */ = {isa = PBXBuildFile; fileRef = 3DC456B322C5347F009282EB /* ViewController.m */; };
		3DC456B722C5347F009282EB /* Main.storyboard in Resources */ = {isa = PBXBuildFile; fileRef = 3DC456B522C5347F009282EB /* Main.storyboard */; };
		3DC456B922C5347F009282EB /* Assets.xcassets in Resources */ = {isa = PBXBuildFile; fileRef = 3DC456B822C5347F009282EB /* Assets.xcassets */; };
		3DC456BC22C5347F009282EB /* LaunchScreen.storyboard in Resources */ = {isa = PBXBuildFile; fileRef = 3DC456BA22C5347F009282EB /* LaunchScreen.storyboard */; };
		3DC456BF22C5347F009282EB /* main.m in Sources */ = {isa = PBXBuildFile; fileRef = 3DC456BE22C5347F009282EB /* main.m */; };
		3DC456C922C5347F009282EB /* TumblrTests.m in Sources */ = {isa = PBXBuildFile; fileRef = 3DC456C822C5347F009282EB /* TumblrTests.m */; };
		3DC456D422C5347F009282EB /* TumblrUITests.m in Sources */ = {isa = PBXBuildFile; fileRef = 3DC456D322C5347F009282EB /* TumblrUITests.m */; };
/* End PBXBuildFile section */

/* Begin PBXContainerItemProxy section */
		3DC456C522C5347F009282EB /* PBXContainerItemProxy */ = {
			isa = PBXContainerItemProxy;
			containerPortal = 3DC456A422C5347F009282EB /* Project object */;
			proxyType = 1;
			remoteGlobalIDString = 3DC456AB22C5347F009282EB;
			remoteInfo = Tumblr;
		};
		3DC456D022C5347F009282EB /* PBXContainerItemProxy */ = {
			isa = PBXContainerItemProxy;
			containerPortal = 3DC456A422C5347F009282EB /* Project object */;
			proxyType = 1;
			remoteGlobalIDString = 3DC456AB22C5347F009282EB;
			remoteInfo = Tumblr;
		};
/* End PBXContainerItemProxy section */

/* Begin PBXFileReference section */
		3DC456AC22C5347F009282EB /* Tumblr.app */ = {isa = PBXFileReference; explicitFileType = wrapper.application; includeInIndex = 0; path = Tumblr.app; sourceTree = BUILT_PRODUCTS_DIR; };
		3DC456AF22C5347F009282EB /* AppDelegate.h */ = {isa = PBXFileReference; lastKnownFileType = sourcecode.c.h; path = AppDelegate.h; sourceTree = "<group>"; };
		3DC456B022C5347F009282EB /* AppDelegate.m */ = {isa = PBXFileReference; lastKnownFileType = sourcecode.c.objc; path = AppDelegate.m; sourceTree = "<group>"; };
		3DC456B222C5347F009282EB /* ViewController.h */ = {isa = PBXFileReference; lastKnownFileType = sourcecode.c.h; path = ViewController.h; sourceTree = "<group>"; };
		3DC456B322C5347F009282EB /* ViewController.m */ = {isa = PBXFileReference; lastKnownFileType = sourcecode.c.objc; path = ViewController.m; sourceTree = "<group>"; };
		3DC456B622C5347F009282EB /* Base */ = {isa = PBXFileReference; lastKnownFileType = file.storyboard; name = Base; path = Base.lproj/Main.storyboard; sourceTree = "<group>"; };
		3DC456B822C5347F009282EB /* Assets.xcassets */ = {isa = PBXFileReference; lastKnownFileType = folder.assetcatalog; path = Assets.xcassets; sourceTree = "<group>"; };
		3DC456BB22C5347F009282EB /* Base */ = {isa = PBXFileReference; lastKnownFileType = file.storyboard; name = Base; path = Base.lproj/LaunchScreen.storyboard; sourceTree = "<group>"; };
		3DC456BD22C5347F009282EB /* Info.plist */ = {isa = PBXFileReference; lastKnownFileType = text.plist.xml; path = Info.plist; sourceTree = "<group>"; };
		3DC456BE22C5347F009282EB /* main.m */ = {isa = PBXFileReference; lastKnownFileType = sourcecode.c.objc; path = main.m; sourceTree = "<group>"; };
		3DC456C422C5347F009282EB /* TumblrTests.xctest */ = {isa = PBXFileReference; explicitFileType = wrapper.cfbundle; includeInIndex = 0; path = TumblrTests.xctest; sourceTree = BUILT_PRODUCTS_DIR; };
		3DC456C822C5347F009282EB /* TumblrTests.m */ = {isa = PBXFileReference; lastKnownFileType = sourcecode.c.objc; path = TumblrTests.m; sourceTree = "<group>"; };
		3DC456CA22C5347F009282EB /* Info.plist */ = {isa = PBXFileReference; lastKnownFileType = text.plist.xml; path = Info.plist; sourceTree = "<group>"; };
		3DC456CF22C5347F009282EB /* TumblrUITests.xctest */ = {isa = PBXFileReference; explicitFileType = wrapper.cfbundle; includeInIndex = 0; path = TumblrUITests.xctest; sourceTree = BUILT_PRODUCTS_DIR; };
		3DC456D322C5347F009282EB /* TumblrUITests.m */ = {isa = PBXFileReference; lastKnownFileType = sourcecode.c.objc; path = TumblrUITests.m; sourceTree = "<group>"; };
		3DC456D522C5347F009282EB /* Info.plist */ = {isa = PBXFileReference; lastKnownFileType = text.plist.xml; path = Info.plist; sourceTree = "<group>"; };
/* End PBXFileReference section */

/* Begin PBXFrameworksBuildPhase section */
		3DC456A922C5347F009282EB /* Frameworks */ = {
			isa = PBXFrameworksBuildPhase;
			buildActionMask = 2147483647;
			files = (
			);
			runOnlyForDeploymentPostprocessing = 0;
		};
		3DC456C122C5347F009282EB /* Frameworks */ = {
			isa = PBXFrameworksBuildPhase;
			buildActionMask = 2147483647;
			files = (
			);
			runOnlyForDeploymentPostprocessing = 0;
		};
		3DC456CC22C5347F009282EB /* Frameworks */ = {
			isa = PBXFrameworksBuildPhase;
			buildActionMask = 2147483647;
			files = (
			);
			runOnlyForDeploymentPostprocessing = 0;
		};
/* End PBXFrameworksBuildPhase section */

/* Begin PBXGroup section */
		3DC456A322C5347F009282EB = {
			isa = PBXGroup;
			children = (
				3DC456AE22C5347F009282EB /* Tumblr */,
				3DC456C722C5347F009282EB /* TumblrTests */,
				3DC456D222C5347F009282EB /* TumblrUITests */,
				3DC456AD22C5347F009282EB /* Products */,
			);
			sourceTree = "<group>";
		};
		3DC456AD22C5347F009282EB /* Products */ = {
			isa = PBXGroup;
			children = (
				3DC456AC22C5347F009282EB /* Tumblr.app */,
				3DC456C422C5347F009282EB /* TumblrTests.xctest */,
				3DC456CF22C5347F009282EB /* TumblrUITests.xctest */,
			);
			name = Products;
			sourceTree = "<group>";
		};
		3DC456AE22C5347F009282EB /* Tumblr */ = {
			isa = PBXGroup;
			children = (
				3DC456AF22C5347F009282EB /* AppDelegate.h */,
				3DC456B022C5347F009282EB /* AppDelegate.m */,
				3DC456B222C5347F009282EB /* ViewController.h */,
				3DC456B322C5347F009282EB /* ViewController.m */,
				3DC456B522C5347F009282EB /* Main.storyboard */,
				3DC456B822C5347F009282EB /* Assets.xcassets */,
				3DC456BA22C5347F009282EB /* LaunchScreen.storyboard */,
				3DC456BD22C5347F009282EB /* Info.plist */,
				3DC456BE22C5347F009282EB /* main.m */,
			);
			path = Tumblr;
			sourceTree = "<group>";
		};
		3DC456C722C5347F009282EB /* TumblrTests */ = {
			isa = PBXGroup;
			children = (
				3DC456C822C5347F009282EB /* TumblrTests.m */,
				3DC456CA22C5347F009282EB /* Info.plist */,
			);
			path = TumblrTests;
			sourceTree = "<group>";
		};
		3DC456D222C5347F009282EB /* TumblrUITests */ = {
			isa = PBXGroup;
			children = (
				3DC456D322C5347F009282EB /* TumblrUITests.m */,
				3DC456D522C5347F009282EB /* Info.plist */,
			);
			path = TumblrUITests;
			sourceTree = "<group>";
		};
/* End PBXGroup section */

/* Begin PBXNativeTarget section */
		3DC456AB22C5347F009282EB /* Tumblr */ = {
			isa = PBXNativeTarget;
			buildConfigurationList = 3DC456D822C5347F009282EB /* Build configuration list for PBXNativeTarget "Tumblr" */;
			buildPhases = (
				3DC456A822C5347F009282EB /* Sources */,
				3DC456A922C5347F009282EB /* Frameworks */,
				3DC456AA22C5347F009282EB /* Resources */,
			);
			buildRules = (
			);
			dependencies = (
			);
			name = Tumblr;
			productName = Tumblr;
			productReference = 3DC456AC22C5347F009282EB /* Tumblr.app */;
			productType = "com.apple.product-type.application";
		};
		3DC456C322C5347F009282EB /* TumblrTests */ = {
			isa = PBXNativeTarget;
			buildConfigurationList = 3DC456DB22C5347F009282EB /* Build configuration list for PBXNativeTarget "TumblrTests" */;
			buildPhases = (
				3DC456C022C5347F009282EB /* Sources */,
				3DC456C122C5347F009282EB /* Frameworks */,
				3DC456C222C5347F009282EB /* Resources */,
			);
			buildRules = (
			);
			dependencies = (
				3DC456C622C5347F009282EB /* PBXTargetDependency */,
			);
			name = TumblrTests;
			productName = TumblrTests;
			productReference = 3DC456C422C5347F009282EB /* TumblrTests.xctest */;
			productType = "com.apple.product-type.bundle.unit-test";
		};
		3DC456CE22C5347F009282EB /* TumblrUITests */ = {
			isa = PBXNativeTarget;
			buildConfigurationList = 3DC456DE22C5347F009282EB /* Build configuration list for PBXNativeTarget "TumblrUITests" */;
			buildPhases = (
				3DC456CB22C5347F009282EB /* Sources */,
				3DC456CC22C5347F009282EB /* Frameworks */,
				3DC456CD22C5347F009282EB /* Resources */,
			);
			buildRules = (
			);
			dependencies = (
				3DC456D122C5347F009282EB /* PBXTargetDependency */,
			);
			name = TumblrUITests;
			productName = TumblrUITests;
			productReference = 3DC456CF22C5347F009282EB /* TumblrUITests.xctest */;
			productType = "com.apple.product-type.bundle.ui-testing";
		};
/* End PBXNativeTarget section */

/* Begin PBXProject section */
		3DC456A422C5347F009282EB /* Project object */ = {
			isa = PBXProject;
			attributes = {
				LastUpgradeCheck = 1020;
				ORGANIZATIONNAME = andrews9;
				TargetAttributes = {
					3DC456AB22C5347F009282EB = {
						CreatedOnToolsVersion = 10.2.1;
					};
					3DC456C322C5347F009282EB = {
						CreatedOnToolsVersion = 10.2.1;
						TestTargetID = 3DC456AB22C5347F009282EB;
					};
					3DC456CE22C5347F009282EB = {
						CreatedOnToolsVersion = 10.2.1;
						TestTargetID = 3DC456AB22C5347F009282EB;
					};
				};
			};
			buildConfigurationList = 3DC456A722C5347F009282EB /* Build configuration list for PBXProject "Tumblr" */;
			compatibilityVersion = "Xcode 9.3";
			developmentRegion = en;
			hasScannedForEncodings = 0;
			knownRegions = (
				en,
				Base,
			);
			mainGroup = 3DC456A322C5347F009282EB;
			productRefGroup = 3DC456AD22C5347F009282EB /* Products */;
			projectDirPath = "";
			projectRoot = "";
			targets = (
				3DC456AB22C5347F009282EB /* Tumblr */,
				3DC456C322C5347F009282EB /* TumblrTests */,
				3DC456CE22C5347F009282EB /* TumblrUITests */,
			);
		};
/* End PBXProject section */

/* Begin PBXResourcesBuildPhase section */
		3DC456AA22C5347F009282EB /* Resources */ = {
			isa = PBXResourcesBuildPhase;
			buildActionMask = 2147483647;
			files = (
				3DC456BC22C5347F009282EB /* LaunchScreen.storyboard in Resources */,
				3DC456B922C5347F009282EB /* Assets.xcassets in Resources */,
				3DC456B722C5347F009282EB /* Main.storyboard in Resources */,
			);
			runOnlyForDeploymentPostprocessing = 0;
		};
		3DC456C222C5347F009282EB /* Resources */ = {
			isa = PBXResourcesBuildPhase;
			buildActionMask = 2147483647;
			files = (
			);
			runOnlyForDeploymentPostprocessing = 0;
		};
		3DC456CD22C5347F009282EB /* Resources */ = {
			isa = PBXResourcesBuildPhase;
			buildActionMask = 2147483647;
			files = (
			);
			runOnlyForDeploymentPostprocessing = 0;
		};
/* End PBXResourcesBuildPhase section */

/* Begin PBXSourcesBuildPhase section */
		3DC456A822C5347F009282EB /* Sources */ = {
			isa = PBXSourcesBuildPhase;
			buildActionMask = 2147483647;
			files = (
				3DC456B422C5347F009282EB /* ViewController.m in Sources */,
				3DC456BF22C5347F009282EB /* main.m in Sources */,
				3DC456B122C5347F009282EB /* AppDelegate.m in Sources */,
			);
			runOnlyForDeploymentPostprocessing = 0;
		};
		3DC456C022C5347F009282EB /* Sources */ = {
			isa = PBXSourcesBuildPhase;
			buildActionMask = 2147483647;
			files = (
				3DC456C922C5347F009282EB /* TumblrTests.m in Sources */,
			);
			runOnlyForDeploymentPostprocessing = 0;
		};
		3DC456CB22C5347F009282EB /* Sources */ = {
			isa = PBXSourcesBuildPhase;
			buildActionMask = 2147483647;
			files = (
				3DC456D422C5347F009282EB /* TumblrUITests.m in Sources */,
			);
			runOnlyForDeploymentPostprocessing = 0;
		};
/* End PBXSourcesBuildPhase section */

/* Begin PBXTargetDependency section */
		3DC456C622C5347F009282EB /* PBXTargetDependency */ = {
			isa = PBXTargetDependency;
			target = 3DC456AB22C5347F009282EB /* Tumblr */;
			targetProxy = 3DC456C522C5347F009282EB /* PBXContainerItemProxy */;
		};
		3DC456D122C5347F009282EB /* PBXTargetDependency */ = {
			isa = PBXTargetDependency;
			target = 3DC456AB22C5347F009282EB /* Tumblr */;
			targetProxy = 3DC456D022C5347F009282EB /* PBXContainerItemProxy */;
		};
/* End PBXTargetDependency section */

/* Begin PBXVariantGroup section */
		3DC456B522C5347F009282EB /* Main.storyboard */ = {
			isa = PBXVariantGroup;
			children = (
				3DC456B622C5347F009282EB /* Base */,
			);
			name = Main.storyboard;
			sourceTree = "<group>";
		};
		3DC456BA22C5347F009282EB /* LaunchScreen.storyboard */ = {
			isa = PBXVariantGroup;
			children = (
				3DC456BB22C5347F009282EB /* Base */,
			);
			name = LaunchScreen.storyboard;
			sourceTree = "<group>";
		};
/* End PBXVariantGroup section */

/* Begin XCBuildConfiguration section */
		3DC456D622C5347F009282EB /* Debug */ = {
			isa = XCBuildConfiguration;
			buildSettings = {
				ALWAYS_SEARCH_USER_PATHS = NO;
				CLANG_ANALYZER_NONNULL = YES;
				CLANG_ANALYZER_NUMBER_OBJECT_CONVERSION = YES_AGGRESSIVE;
				CLANG_CXX_LANGUAGE_STANDARD = "gnu++14";
				CLANG_CXX_LIBRARY = "libc++";
				CLANG_ENABLE_MODULES = YES;
				CLANG_ENABLE_OBJC_ARC = YES;
				CLANG_ENABLE_OBJC_WEAK = YES;
				CLANG_WARN_BLOCK_CAPTURE_AUTORELEASING = YES;
				CLANG_WARN_BOOL_CONVERSION = YES;
				CLANG_WARN_COMMA = YES;
				CLANG_WARN_CONSTANT_CONVERSION = YES;
				CLANG_WARN_DEPRECATED_OBJC_IMPLEMENTATIONS = YES;
				CLANG_WARN_DIRECT_OBJC_ISA_USAGE = YES_ERROR;
				CLANG_WARN_DOCUMENTATION_COMMENTS = YES;
				CLANG_WARN_EMPTY_BODY = YES;
				CLANG_WARN_ENUM_CONVERSION = YES;
				CLANG_WARN_INFINITE_RECURSION = YES;
				CLANG_WARN_INT_CONVERSION = YES;
				CLANG_WARN_NON_LITERAL_NULL_CONVERSION = YES;
				CLANG_WARN_OBJC_IMPLICIT_RETAIN_SELF = YES;
				CLANG_WARN_OBJC_LITERAL_CONVERSION = YES;
				CLANG_WARN_OBJC_ROOT_CLASS = YES_ERROR;
				CLANG_WARN_RANGE_LOOP_ANALYSIS = YES;
				CLANG_WARN_STRICT_PROTOTYPES = YES;
				CLANG_WARN_SUSPICIOUS_MOVE = YES;
				CLANG_WARN_UNGUARDED_AVAILABILITY = YES_AGGRESSIVE;
				CLANG_WARN_UNREACHABLE_CODE = YES;
				CLANG_WARN__DUPLICATE_METHOD_MATCH = YES;
				CODE_SIGN_IDENTITY = "iPhone Developer";
				COPY_PHASE_STRIP = NO;
				DEBUG_INFORMATION_FORMAT = dwarf;
				ENABLE_STRICT_OBJC_MSGSEND = YES;
				ENABLE_TESTABILITY = YES;
				GCC_C_LANGUAGE_STANDARD = gnu11;
				GCC_DYNAMIC_NO_PIC = NO;
				GCC_NO_COMMON_BLOCKS = YES;
				GCC_OPTIMIZATION_LEVEL = 0;
				GCC_PREPROCESSOR_DEFINITIONS = (
					"DEBUG=1",
					"$(inherited)",
				);
				GCC_WARN_64_TO_32_BIT_CONVERSION = YES;
				GCC_WARN_ABOUT_RETURN_TYPE = YES_ERROR;
				GCC_WARN_UNDECLARED_SELECTOR = YES;
				GCC_WARN_UNINITIALIZED_AUTOS = YES_AGGRESSIVE;
				GCC_WARN_UNUSED_FUNCTION = YES;
				GCC_WARN_UNUSED_VARIABLE = YES;
				IPHONEOS_DEPLOYMENT_TARGET = 12.2;
				MTL_ENABLE_DEBUG_INFO = INCLUDE_SOURCE;
				MTL_FAST_MATH = YES;
				ONLY_ACTIVE_ARCH = YES;
				SDKROOT = iphoneos;
			};
			name = Debug;
		};
		3DC456D722C5347F009282EB /* Release */ = {
			isa = XCBuildConfiguration;
			buildSettings = {
				ALWAYS_SEARCH_USER_PATHS = NO;
				CLANG_ANALYZER_NONNULL = YES;
				CLANG_ANALYZER_NUMBER_OBJECT_CONVERSION = YES_AGGRESSIVE;
				CLANG_CXX_LANGUAGE_STANDARD = "gnu++14";
				CLANG_CXX_LIBRARY = "libc++";
				CLANG_ENABLE_MODULES = YES;
				CLANG_ENABLE_OBJC_ARC = YES;
				CLANG_ENABLE_OBJC_WEAK = YES;
				CLANG_WARN_BLOCK_CAPTURE_AUTORELEASING = YES;
				CLANG_WARN_BOOL_CONVERSION = YES;
				CLANG_WARN_COMMA = YES;
				CLANG_WARN_CONSTANT_CONVERSION = YES;
				CLANG_WARN_DEPRECATED_OBJC_IMPLEMENTATIONS = YES;
				CLANG_WARN_DIRECT_OBJC_ISA_USAGE = YES_ERROR;
				CLANG_WARN_DOCUMENTATION_COMMENTS = YES;
				CLANG_WARN_EMPTY_BODY = YES;
				CLANG_WARN_ENUM_CONVERSION = YES;
				CLANG_WARN_INFINITE_RECURSION = YES;
				CLANG_WARN_INT_CONVERSION = YES;
				CLANG_WARN_NON_LITERAL_NULL_CONVERSION = YES;
				CLANG_WARN_OBJC_IMPLICIT_RETAIN_SELF = YES;
				CLANG_WARN_OBJC_LITERAL_CONVERSION = YES;
				CLANG_WARN_OBJC_ROOT_CLASS = YES_ERROR;
				CLANG_WARN_RANGE_LOOP_ANALYSIS = YES;
				CLANG_WARN_STRICT_PROTOTYPES = YES;
				CLANG_WARN_SUSPICIOUS_MOVE = YES;
				CLANG_WARN_UNGUARDED_AVAILABILITY = YES_AGGRESSIVE;
				CLANG_WARN_UNREACHABLE_CODE = YES;
				CLANG_WARN__DUPLICATE_METHOD_MATCH = YES;
				CODE_SIGN_IDENTITY = "iPhone Developer";
				COPY_PHASE_STRIP = NO;
				DEBUG_INFORMATION_FORMAT = "dwarf-with-dsym";
				ENABLE_NS_ASSERTIONS = NO;
				ENABLE_STRICT_OBJC_MSGSEND = YES;
				GCC_C_LANGUAGE_STANDARD = gnu11;
				GCC_NO_COMMON_BLOCKS = YES;
				GCC_WARN_64_TO_32_BIT_CONVERSION = YES;
				GCC_WARN_ABOUT_RETURN_TYPE = YES_ERROR;
				GCC_WARN_UNDECLARED_SELECTOR = YES;
				GCC_WARN_UNINITIALIZED_AUTOS = YES_AGGRESSIVE;
				GCC_WARN_UNUSED_FUNCTION = YES;
				GCC_WARN_UNUSED_VARIABLE = YES;
				IPHONEOS_DEPLOYMENT_TARGET = 12.2;
				MTL_ENABLE_DEBUG_INFO = NO;
				MTL_FAST_MATH = YES;
				SDKROOT = iphoneos;
				VALIDATE_PRODUCT = YES;
			};
			name = Release;
		};
		3DC456D922C5347F009282EB /* Debug */ = {
			isa = XCBuildConfiguration;
			buildSettings = {
				ASSETCATALOG_COMPILER_APPICON_NAME = AppIcon;
				CODE_SIGN_STYLE = Automatic;
				INFOPLIST_FILE = Tumblr/Info.plist;
				LD_RUNPATH_SEARCH_PATHS = (
					"$(inherited)",
					"@executable_path/Frameworks",
				);
				PRODUCT_BUNDLE_IDENTIFIER = com.andrews9.Tumblr;
				PRODUCT_NAME = "$(TARGET_NAME)";
				TARGETED_DEVICE_FAMILY = "1,2";
			};
			name = Debug;
		};
		3DC456DA22C5347F009282EB /* Release */ = {
			isa = XCBuildConfiguration;
			buildSettings = {
				ASSETCATALOG_COMPILER_APPICON_NAME = AppIcon;
				CODE_SIGN_STYLE = Automatic;
				INFOPLIST_FILE = Tumblr/Info.plist;
				LD_RUNPATH_SEARCH_PATHS = (
					"$(inherited)",
					"@executable_path/Frameworks",
				);
				PRODUCT_BUNDLE_IDENTIFIER = com.andrews9.Tumblr;
				PRODUCT_NAME = "$(TARGET_NAME)";
				TARGETED_DEVICE_FAMILY = "1,2";
			};
			name = Release;
		};
		3DC456DC22C5347F009282EB /* Debug */ = {
			isa = XCBuildConfiguration;
			buildSettings = {
				BUNDLE_LOADER = "$(TEST_HOST)";
				CODE_SIGN_STYLE = Automatic;
				INFOPLIST_FILE = TumblrTests/Info.plist;
				LD_RUNPATH_SEARCH_PATHS = (
					"$(inherited)",
					"@executable_path/Frameworks",
					"@loader_path/Frameworks",
				);
				PRODUCT_BUNDLE_IDENTIFIER = com.andrews9.TumblrTests;
				PRODUCT_NAME = "$(TARGET_NAME)";
				TARGETED_DEVICE_FAMILY = "1,2";
				TEST_HOST = "$(BUILT_PRODUCTS_DIR)/Tumblr.app/Tumblr";
			};
			name = Debug;
		};
		3DC456DD22C5347F009282EB /* Release */ = {
			isa = XCBuildConfiguration;
			buildSettings = {
				BUNDLE_LOADER = "$(TEST_HOST)";
				CODE_SIGN_STYLE = Automatic;
				INFOPLIST_FILE = TumblrTests/Info.plist;
				LD_RUNPATH_SEARCH_PATHS = (
					"$(inherited)",
					"@executable_path/Frameworks",
					"@loader_path/Frameworks",
				);
				PRODUCT_BUNDLE_IDENTIFIER = com.andrews9.TumblrTests;
				PRODUCT_NAME = "$(TARGET_NAME)";
				TARGETED_DEVICE_FAMILY = "1,2";
				TEST_HOST = "$(BUILT_PRODUCTS_DIR)/Tumblr.app/Tumblr";
			};
			name = Release;
		};
		3DC456DF22C5347F009282EB /* Debug */ = {
			isa = XCBuildConfiguration;
			buildSettings = {
				CODE_SIGN_STYLE = Automatic;
				INFOPLIST_FILE = TumblrUITests/Info.plist;
				LD_RUNPATH_SEARCH_PATHS = (
					"$(inherited)",
					"@executable_path/Frameworks",
					"@loader_path/Frameworks",
				);
				PRODUCT_BUNDLE_IDENTIFIER = com.andrews9.TumblrUITests;
				PRODUCT_NAME = "$(TARGET_NAME)";
				TARGETED_DEVICE_FAMILY = "1,2";
				TEST_TARGET_NAME = Tumblr;
			};
			name = Debug;
		};
		3DC456E022C5347F009282EB /* Release */ = {
			isa = XCBuildConfiguration;
			buildSettings = {
				CODE_SIGN_STYLE = Automatic;
				INFOPLIST_FILE = TumblrUITests/Info.plist;
				LD_RUNPATH_SEARCH_PATHS = (
					"$(inherited)",
					"@executable_path/Frameworks",
					"@loader_path/Frameworks",
				);
				PRODUCT_BUNDLE_IDENTIFIER = com.andrews9.TumblrUITests;
				PRODUCT_NAME = "$(TARGET_NAME)";
				TARGETED_DEVICE_FAMILY = "1,2";
				TEST_TARGET_NAME = Tumblr;
			};
			name = Release;
		};
/* End XCBuildConfiguration section */

/* Begin XCConfigurationList section */
		3DC456A722C5347F009282EB /* Build configuration list for PBXProject "Tumblr" */ = {
			isa = XCConfigurationList;
			buildConfigurations = (
				3DC456D622C5347F009282EB /* Debug */,
				3DC456D722C5347F009282EB /* Release */,
			);
			defaultConfigurationIsVisible = 0;
			defaultConfigurationName = Release;
		};
		3DC456D822C5347F009282EB /* Build configuration list for PBXNativeTarget "Tumblr" */ = {
			isa = XCConfigurationList;
			buildConfigurations = (
				3DC456D922C5347F009282EB /* Debug */,
				3DC456DA22C5347F009282EB /* Release */,
			);
			defaultConfigurationIsVisible = 0;
			defaultConfigurationName = Release;
		};
		3DC456DB22C5347F009282EB /* Build configuration list for PBXNativeTarget "TumblrTests" */ = {
			isa = XCConfigurationList;
			buildConfigurations = (
				3DC456DC22C5347F009282EB /* Debug */,
				3DC456DD22C5347F009282EB /* Release */,
			);
			defaultConfigurationIsVisible = 0;
			defaultConfigurationName = Release;
		};
		3DC456DE22C5347F009282EB /* Build configuration list for PBXNativeTarget "TumblrUITests" */ = {
			isa = XCConfigurationList;
			buildConfigurations = (
				3DC456DF22C5347F009282EB /* Debug */,
				3DC456E022C5347F009282EB /* Release */,
			);
			defaultConfigurationIsVisible = 0;
			defaultConfigurationName = Release;
		};
/* End XCConfigurationList section */
	};
	rootObject = 3DC456A422C5347F009282EB /* Project object */;
}
